
Microsoft Visual Studio Solution File, Format Version 12.00
# Visual Studio Version 16
VisualStudioVersion = 16.0.30621.155
MinimumVisualStudioVersion = 10.0.40219.1
Project("{FAE04EC0-301F-11D3-BF4B-00C04F79EFBC}") = "MusicVolume", "Music Volume\MusicVolume.csproj", "{416A9B89-D305-4F65-9DEC-1D0D99AFAAD5}"
EndProject
Global
	GlobalSection(SolutionConfigurationPlatforms) = preSolution
		Debug|Any CPU = Debug|Any CPU
		Release|Any CPU = Release|Any CPU
	EndGlobalSection
	GlobalSection(ProjectConfigurationPlatforms) = postSolution
		{416A9B89-D305-4F65-9DEC-1D0D99AFAAD5}.Debug|Any CPU.ActiveCfg = Debug|Any CPU
		{416A9B89-D305-4F65-9DEC-1D0D99AFAAD5}.Debug|Any CPU.Build.0 = Debug|Any CPU
		{416A9B89-D305-4F65-9DEC-1D0D99AFAAD5}.Release|Any CPU.ActiveCfg = Release|Any CPU
		{416A9B89-D305-4F65-9DEC-1D0D99AFAAD5}.Release|Any CPU.Build.0 = Release|Any CPU
	EndGlobalSection
	GlobalSection(SolutionProperties) = preSolution
		HideSolutionNode = FALSE
	EndGlobalSection
	GlobalSection(ExtensibilityGlobals) = postSolution
		SolutionGuid = {1293D019-48C0-4217-A802-E1F8E67C6275}
	EndGlobalSection
EndGlobal
